
Microsoft Visual Studio Solution File, Format Version 12.00
# Visual Studio Version 16
VisualStudioVersion = 16.0.31702.278
MinimumVisualStudioVersion = 10.0.40219.1
Project("{FAE04EC0-301F-11D3-BF4B-00C04F79EFBC}") = "CSS05", "CSS05\CSS05.csproj", "{FCB266CA-19F4-4923-8CEA-A923307A96B4}"
EndProject
Global
	GlobalSection(SolutionConfigurationPlatforms) = preSolution
		Debug|Any CPU = Debug|Any CPU
		Release|Any CPU = Release|Any CPU
	EndGlobalSection
	GlobalSection(ProjectConfigurationPlatforms) = postSolution
		{FCB266CA-19F4-4923-8CEA-A923307A96B4}.Debug|Any CPU.ActiveCfg = Debug|Any CPU
		{FCB266CA-19F4-4923-8CEA-A923307A96B4}.Debug|Any CPU.Build.0 = Debug|Any CPU
		{FCB266CA-19F4-4923-8CEA-A923307A96B4}.Release|Any CPU.ActiveCfg = Release|Any CPU
		{FCB266CA-19F4-4923-8CEA-A923307A96B4}.Release|Any CPU.Build.0 = Release|Any CPU
	EndGlobalSection
	GlobalSection(SolutionProperties) = preSolution
		HideSolutionNode = FALSE
	EndGlobalSection
	GlobalSection(ExtensibilityGlobals) = postSolution
		SolutionGuid = {F98DF74A-42CA-45D8-86CA-5F08D4AFE688}
	EndGlobalSection
EndGlobal
